{
  "version": 4,
  "terraform_version": "1.16.2",
  "serial": 42,
  "lineage": "57da1dcb-1612-56d3-be74-3d3dff7e8025",
  "outputs": {
    "backend_dns_name": {
      "value": "syntax.demo.internal",
      "type": "string"
    },
    "backend_private_ips": {
      "value": [
        "10.50.1.20",
        "10.50.1.21"
      ],
      "type": [
        "list",
        "string"
      ]
    },
    "haproxy_private_ip": {
      "value": "10.50.1.10",
      "type": "string"
    },
    "haproxy_public_ip": {
      "value": "20.110.214.249",
      "type": "string"
    },
    "resource_group_name": {
      "value": "rg-haproxy-dns-poc",
      "type": "string"
    }
  },
  "resources": [
    {
      "mode": "managed",
      "type": "azurerm_linux_virtual_machine",
      "name": "backend",
      "provider": "provider[\"registry.terraform.io/hashicorp/azurerm\"]",
      "instances": [
        {
          "schema_version": 0,
          "attributes": {
            "additional_capabilities": [],
            "admin_password": null,
            "admin_ssh_key": [
              {
                "public_key": "ssh-ed25519 AAAAC3NzaC1lZDI1NTE5AAAAIIjk4e1ivMeE2v6fQ+V82HEdNDtnmTNR0GomY1Lpu1tQ stevenhart235@gmail.com\r\n",
                "username": "azureuser"
              }
            ],
            "admin_username": "azureuser",
            "allow_extension_operations": true,
            "availability_set_id": "",
            "boot_diagnostics": [],
            "bypass_platform_safety_checks_on_user_schedule_enabled": false,
            "capacity_reservation_group_id": "",
            "computer_name": "backend",
            "custom_data": "I2Nsb3VkLWNvbmZpZwp3cml0ZV9maWxlczoKICAtIHBhdGg6IC91c3IvbG9jYWwvYmluL2Vuc3VyZS1zZWNvbmRhcnktaXAuc2gKICAgIG93bmVyOiByb290OnJvb3QKICAgIHBlcm1pc3Npb25zOiAiMDc1NSIKICAgIGNvbnRlbnQ6IHwKICAgICAgIyEvYmluL3NoCiAgICAgIGludGVyZmFjZT0iJChpcCAtNCByb3V0ZSBzaG93IGRlZmF1bHQgfCBhd2sgJ05SID09IDEgeyBwcmludCAkNSB9JykiCiAgICAgIGlwIGFkZHJlc3MgcmVwbGFjZSAxMC41MC4xLjIxLzI0IGRldiAiJGludGVyZmFjZSIKCiAgLSBwYXRoOiAvb3B0L2JhY2tlbmQtc2VydmVyLnB5CiAgICBvd25lcjogcm9vdDpyb290CiAgICBwZXJtaXNzaW9uczogIjA3NTUiCiAgICBjb250ZW50OiB8CiAgICAgICMhL3Vzci9iaW4vZW52IHB5dGhvbjMKICAgICAgaW1wb3J0IHN5cwogICAgICBmcm9tIGh0dHAuc2VydmVyIGltcG9ydCBCYXNlSFRUUFJlcXVlc3RIYW5kbGVyLCBIVFRQU2VydmVyCgogICAgICBiaW5kX2FkZHJlc3MgPSBzeXMuYXJndlsxXQogICAgICByZXNwb25zZV9ib2R5ID0gewogICAgICAgICAgIjEwLjUwLjEuMjAiOiBiIkJBQ0tFTkQtMSAxMC41MC4xLjIwXG4iLAogICAgICAgICAgIjEwLjUwLjEuMjEiOiBiIkJBQ0tFTkQtMiAxMC41MC4xLjIxXG4iLAogICAgICB9W2JpbmRfYWRkcmVzc10KCiAgICAgIGNsYXNzIEhhbmRsZXIoQmFzZUhUVFBSZXF1ZXN0SGFuZGxlcik6CiAgICAgICAgICBkZWYgZG9fR0VUKHNlbGYpOgogICAgICAgICAgICAgIHNlbGYuc2VuZF9yZXNwb25zZSgyMDApCiAgICAgICAgICAgICAgc2VsZi5zZW5kX2hlYWRlcigiQ29udGVudC1UeXBlIiwgInRleHQvcGxhaW4iKQogICAgICAgICAgICAgIHNlbGYuc2VuZF9oZWFkZXIoIkNvbnRlbnQtTGVuZ3RoIiwgc3RyKGxlbihyZXNwb25zZV9ib2R5KSkpCiAgICAgICAgICAgICAgc2VsZi5lbmRfaGVhZGVycygpCiAgICAgICAgICAgICAgc2VsZi53ZmlsZS53cml0ZShyZXNwb25zZV9ib2R5KQoKICAgICAgICAgIGRlZiBsb2dfbWVzc2FnZShzZWxmLCBmb3JtYXQsICphcmdzKToKICAgICAgICAgICAgICByZXR1cm4KCiAgICAgIEhUVFBTZXJ2ZXIoKGJpbmRfYWRkcmVzcywgODA4MCksIEhhbmRsZXIpLnNlcnZlX2ZvcmV2ZXIoKQoKICAtIHBhdGg6IC9ldGMvc3lzdGVtZC9zeXN0ZW0vYmFja2VuZC1zZWNvbmRhcnktaXAuc2VydmljZQogICAgb3duZXI6IHJvb3Q6cm9vdAogICAgcGVybWlzc2lvbnM6ICIwNjQ0IgogICAgY29udGVudDogfAogICAgICBbVW5pdF0KICAgICAgRGVzY3JpcHRpb249Q29uZmlndXJlIHRoZSBiYWNrZW5kIHNlY29uZGFyeSBwcml2YXRlIElQCiAgICAgIEFmdGVyPW5ldHdvcmstb25saW5lLnRhcmdldAogICAgICBXYW50cz1uZXR3b3JrLW9ubGluZS50YXJnZXQKCiAgICAgIFtTZXJ2aWNlXQogICAgICBUeXBlPW9uZXNob3QKICAgICAgRXhlY1N0YXJ0PS91c3IvbG9jYWwvYmluL2Vuc3VyZS1zZWNvbmRhcnktaXAuc2gKICAgICAgUmVtYWluQWZ0ZXJFeGl0PXllcwoKICAgICAgW0luc3RhbGxdCiAgICAgIFdhbnRlZEJ5PW11bHRpLXVzZXIudGFyZ2V0CgogIC0gcGF0aDogL2V0Yy9zeXN0ZW1kL3N5c3RlbS9iYWNrZW5kLWxpc3RlbmVyQC5zZXJ2aWNlCiAgICBvd25lcjogcm9vdDpyb290CiAgICBwZXJtaXNzaW9uczogIjA2NDQiCiAgICBjb250ZW50OiB8CiAgICAgIFtVbml0XQogICAgICBEZXNjcmlwdGlvbj1EZW1vIEhUVFAgbGlzdGVuZXIgb24gJWkKICAgICAgQWZ0ZXI9bmV0d29yay1vbmxpbmUudGFyZ2V0IGJhY2tlbmQtc2Vjb25kYXJ5LWlwLnNlcnZpY2UKICAgICAgV2FudHM9bmV0d29yay1vbmxpbmUudGFyZ2V0CiAgICAgIFJlcXVpcmVzPWJhY2tlbmQtc2Vjb25kYXJ5LWlwLnNlcnZpY2UKCiAgICAgIFtTZXJ2aWNlXQogICAgICBUeXBlPXNpbXBsZQogICAgICBFeGVjU3RhcnQ9L3Vzci9iaW4vcHl0aG9uMyAvb3B0L2JhY2tlbmQtc2VydmVyLnB5ICVpCiAgICAgIFJlc3RhcnQ9b24tZmFpbHVyZQogICAgICBSZXN0YXJ0U2VjPTEKCiAgICAgIFtJbnN0YWxsXQogICAgICBXYW50ZWRCeT1tdWx0aS11c2VyLnRhcmdldAoKcnVuY21kOgogIC0gW3N5c3RlbWN0bCwgZGFlbW9uLXJlbG9hZF0KICAtIFtzeXN0ZW1jdGwsIGVuYWJsZSwgLS1ub3csIGJhY2tlbmQtc2Vjb25kYXJ5LWlwLnNlcnZpY2VdCiAgLSBbc3lzdGVtY3RsLCBlbmFibGUsIC0tbm93LCBiYWNrZW5kLWxpc3RlbmVyQDEwLjUwLjEuMjAuc2VydmljZV0KICAtIFtzeXN0ZW1jdGwsIGVuYWJsZSwgLS1ub3csIGJhY2tlbmQtbGlzdGVuZXJAMTAuNTAuMS4yMS5zZXJ2aWNlXQo=",
            "dedicated_host_group_id": "",
            "dedicated_host_id": "",
            "disable_password_authentication": true,
            "disk_controller_type": "NVMe",
            "edge_zone": "",
            "encryption_at_host_enabled": false,
            "eviction_policy": "",
            "extensions_time_budget": "PT1H30M",
            "gallery_application": [],
            "id": "/subscriptions/96b5adf1-55d9-4411-ae2a-adfaccecf80e/resourceGroups/rg-haproxy-dns-poc/providers/Microsoft.Compute/virtualMachines/backend",
            "identity": [],
            "license_type": "",
            "location": "eastus2",
            "max_bid_price": -1,
            "name": "backend",
            "network_interface_ids": [
              "/subscriptions/96b5adf1-55d9-4411-ae2a-adfaccecf80e/resourceGroups/rg-haproxy-dns-poc/providers/Microsoft.Network/networkInterfaces/nic-backend"
            ],
            "os_disk": [
              {
                "caching": "ReadWrite",
                "diff_disk_settings": [],
                "disk_encryption_set_id": "",
                "disk_size_gb": 30,
                "id": "/subscriptions/96b5adf1-55d9-4411-ae2a-adfaccecf80e/resourceGroups/rg-haproxy-dns-poc/providers/Microsoft.Compute/disks/backend_OsDisk_1_9e8a112fa759413386cf7464e55a1785",
                "name": "backend_OsDisk_1_9e8a112fa759413386cf7464e55a1785",
                "secure_vm_disk_encryption_set_id": "",
                "security_encryption_type": "",
                "storage_account_type": "Standard_LRS",
                "write_accelerator_enabled": false
              }
            ],
            "os_image_notification": [],
            "os_managed_disk_id": "/subscriptions/96b5adf1-55d9-4411-ae2a-adfaccecf80e/resourceGroups/rg-haproxy-dns-poc/providers/Microsoft.Compute/disks/backend_OsDisk_1_9e8a112fa759413386cf7464e55a1785",
            "patch_assessment_mode": "ImageDefault",
            "patch_mode": "ImageDefault",
            "plan": [],
            "platform_fault_domain": -1,
            "priority": "Regular",
            "private_ip_address": "10.50.1.20",
            "private_ip_addresses": [
              "10.50.1.20",
              "10.50.1.21"
            ],
            "provision_vm_agent": true,
            "proximity_placement_group_id": "",
            "public_ip_address": "",
            "public_ip_addresses": [],
            "reboot_setting": "",
            "resource_group_name": "rg-haproxy-dns-poc",
            "secret": [],
            "secure_boot_enabled": false,
            "size": "Standard_D2s_v6",
            "source_image_id": "",
            "source_image_reference": [
              {
                "offer": "0001-com-ubuntu-server-jammy",
                "publisher": "Canonical",
                "sku": "22_04-lts-gen2",
                "version": "latest"
              }
            ],
            "tags": null,
            "termination_notification": null,
            "timeouts": null,
            "user_data": "",
            "virtual_machine_id": "985966cb-4da7-4102-8ced-4c5c47640756",
            "virtual_machine_scale_set_id": "",
            "vm_agent_platform_updates_enabled": true,
            "vtpm_enabled": false,
            "zone": ""
          },
          "sensitive_attributes": [
            [
              {
                "type": "get_attr",
                "value": "admin_password"
              }
            ],
            [
              {
                "type": "get_attr",
                "value": "custom_data"
              }
            ]
          ],
          "identity_schema_version": 0,
          "private": "eyJlMmJmYjczMC1lY2FhLTExZTYtOGY4OC0zNDM2M2JjN2M0YzAiOnsiY3JlYXRlIjoyNzAwMDAwMDAwMDAwLCJkZWxldGUiOjI3MDAwMDAwMDAwMDAsInJlYWQiOjMwMDAwMDAwMDAwMCwidXBkYXRlIjoyNzAwMDAwMDAwMDAwfX0=",
          "dependencies": [
            "azurerm_network_interface.backend",
            "azurerm_resource_group.poc",
            "azurerm_subnet.poc",
            "azurerm_virtual_network.poc"
          ]
        }
      ]
    },
    {
      "mode": "managed",
      "type": "azurerm_linux_virtual_machine",
      "name": "haproxy",
      "provider": "provider[\"registry.terraform.io/hashicorp/azurerm\"]",
      "instances": [
        {
          "schema_version": 0,
          "attributes": {
            "additional_capabilities": [],
            "admin_password": null,
            "admin_ssh_key": [
              {
                "public_key": "ssh-ed25519 AAAAC3NzaC1lZDI1NTE5AAAAIIjk4e1ivMeE2v6fQ+V82HEdNDtnmTNR0GomY1Lpu1tQ stevenhart235@gmail.com\r\n",
                "username": "azureuser"
              }
            ],
            "admin_username": "azureuser",
            "allow_extension_operations": true,
            "availability_set_id": "",
            "boot_diagnostics": [],
            "bypass_platform_safety_checks_on_user_schedule_enabled": false,
            "capacity_reservation_group_id": "",
            "computer_name": "haproxy",
            "custom_data": "I2Nsb3VkLWNvbmZpZwpwYWNrYWdlX3VwZGF0ZTogdHJ1ZQpwYWNrYWdlczoKICAtIGhhcHJveHkKCndyaXRlX2ZpbGVzOgogIC0gcGF0aDogL2V0Yy9oYXByb3h5L2hhcHJveHkuY2ZnCiAgICBvd25lcjogcm9vdDpyb290CiAgICBwZXJtaXNzaW9uczogIjA2NDQiCiAgICBjb250ZW50OiB8CiAgICAgIGdsb2JhbAogICAgICAgICAgbG9nIC9kZXYvbG9nIGxvY2FsMAogICAgICAgICAgbG9nIC9kZXYvbG9nIGxvY2FsMSBub3RpY2UKICAgICAgICAgIGRhZW1vbgoKICAgICAgZGVmYXVsdHMKICAgICAgICAgIGxvZyBnbG9iYWwKICAgICAgICAgIG1vZGUgdGNwCiAgICAgICAgICBvcHRpb24gdGNwbG9nCiAgICAgICAgICB0aW1lb3V0IGNvbm5lY3QgNXMKICAgICAgICAgIHRpbWVvdXQgY2xpZW50IDMwcwogICAgICAgICAgdGltZW91dCBzZXJ2ZXIgMzBzCgogICAgICByZXNvbHZlcnMgYXp1cmUKICAgICAgICAgIG5hbWVzZXJ2ZXIgYXp1cmUtZG5zIDE2OC42My4xMjkuMTY6NTMKICAgICAgICAgIHJlc29sdmVfcmV0cmllcyAzCiAgICAgICAgICB0aW1lb3V0IHJlc29sdmUgMXMKICAgICAgICAgIHRpbWVvdXQgcmV0cnkgMXMKICAgICAgICAgIGhvbGQgdmFsaWQgNXMKICAgICAgICAgIGhvbGQgbnggMXMKICAgICAgICAgIGhvbGQgdGltZW91dCAxcwogICAgICAgICAgaG9sZCByZWZ1c2VkIDFzCiAgICAgICAgICBob2xkIG90aGVyIDFzCgogICAgICBmcm9udGVuZCB0Y3AtMTUyMAogICAgICAgICAgYmluZCAqOjE1MjAKICAgICAgICAgIGRlZmF1bHRfYmFja2VuZCBkZW1vLWJhY2tlbmQKCiAgICAgIGJhY2tlbmQgZGVtby1iYWNrZW5kCiAgICAgICAgICBzZXJ2ZXIgZGVtbyBzeW50YXguZGVtby5pbnRlcm5hbDo4MDgwIGNoZWNrIHJlc29sdmVycyBhenVyZSBpbml0LWFkZHIgbGFzdCxsaWJjLG5vbmUKCnJ1bmNtZDoKICAtIFtzeXN0ZW1jdGwsIGVuYWJsZSwgaGFwcm94eV0KICAtIFtzeXN0ZW1jdGwsIHJlc3RhcnQsIGhhcHJveHldCg==",
            "dedicated_host_group_id": "",
            "dedicated_host_id": "",
            "disable_password_authentication": true,
            "disk_controller_type": "NVMe",
            "edge_zone": "",
            "encryption_at_host_enabled": false,
            "eviction_policy": "",
            "extensions_time_budget": "PT1H30M",
            "gallery_application": [],
            "id": "/subscriptions/96b5adf1-55d9-4411-ae2a-adfaccecf80e/resourceGroups/rg-haproxy-dns-poc/providers/Microsoft.Compute/virtualMachines/haproxy",
            "identity": [],
            "license_type": "",
            "location": "eastus2",
            "max_bid_price": -1,
            "name": "haproxy",
            "network_interface_ids": [
              "/subscriptions/96b5adf1-55d9-4411-ae2a-adfaccecf80e/resourceGroups/rg-haproxy-dns-poc/providers/Microsoft.Network/networkInterfaces/nic-haproxy"
            ],
            "os_disk": [
              {
                "caching": "ReadWrite",
                "diff_disk_settings": [],
                "disk_encryption_set_id": "",
                "disk_size_gb": 30,
                "id": "/subscriptions/96b5adf1-55d9-4411-ae2a-adfaccecf80e/resourceGroups/rg-haproxy-dns-poc/providers/Microsoft.Compute/disks/haproxy_OsDisk_1_f8e32a74bd044d109770e446e496486c",
                "name": "haproxy_OsDisk_1_f8e32a74bd044d109770e446e496486c",
                "secure_vm_disk_encryption_set_id": "",
                "security_encryption_type": "",
                "storage_account_type": "Standard_LRS",
                "write_accelerator_enabled": false
              }
            ],
            "os_image_notification": [],
            "os_managed_disk_id": "/subscriptions/96b5adf1-55d9-4411-ae2a-adfaccecf80e/resourceGroups/rg-haproxy-dns-poc/providers/Microsoft.Compute/disks/haproxy_OsDisk_1_f8e32a74bd044d109770e446e496486c",
            "patch_assessment_mode": "ImageDefault",
            "patch_mode": "ImageDefault",
            "plan": [],
            "platform_fault_domain": -1,
            "priority": "Regular",
            "private_ip_address": "10.50.1.10",
            "private_ip_addresses": [
              "10.50.1.10"
            ],
            "provision_vm_agent": true,
            "proximity_placement_group_id": "",
            "public_ip_address": "20.110.214.249",
            "public_ip_addresses": [
              "20.110.214.249"
            ],
            "reboot_setting": "",
            "resource_group_name": "rg-haproxy-dns-poc",
            "secret": [],
            "secure_boot_enabled": false,
            "size": "Standard_D2s_v6",
            "source_image_id": "",
            "source_image_reference": [
              {
                "offer": "0001-com-ubuntu-server-jammy",
                "publisher": "Canonical",
                "sku": "22_04-lts-gen2",
                "version": "latest"
              }
            ],
            "tags": null,
            "termination_notification": null,
            "timeouts": null,
            "user_data": "",
            "virtual_machine_id": "c09e94ac-1ef0-4570-a17c-52f75ce3f35c",
            "virtual_machine_scale_set_id": "",
            "vm_agent_platform_updates_enabled": true,
            "vtpm_enabled": false,
            "zone": ""
          },
          "sensitive_attributes": [
            [
              {
                "type": "get_attr",
                "value": "admin_password"
              }
            ],
            [
              {
                "type": "get_attr",
                "value": "custom_data"
              }
            ]
          ],
          "identity_schema_version": 0,
          "private": "eyJlMmJmYjczMC1lY2FhLTExZTYtOGY4OC0zNDM2M2JjN2M0YzAiOnsiY3JlYXRlIjoyNzAwMDAwMDAwMDAwLCJkZWxldGUiOjI3MDAwMDAwMDAwMDAsInJlYWQiOjMwMDAwMDAwMDAwMCwidXBkYXRlIjoyNzAwMDAwMDAwMDAwfX0=",
          "dependencies": [
            "azurerm_network_interface.haproxy",
            "azurerm_public_ip.haproxy",
            "azurerm_resource_group.poc",
            "azurerm_subnet.poc",
            "azurerm_virtual_network.poc"
          ]
        }
      ]
    },
    {
      "mode": "managed",
      "type": "azurerm_network_interface",
      "name": "backend",
      "provider": "provider[\"registry.terraform.io/hashicorp/azurerm\"]",
      "instances": [
        {
          "schema_version": 0,
          "attributes": {
            "accelerated_networking_enabled": false,
            "applied_dns_servers": [],
            "auxiliary_mode": "",
            "auxiliary_sku": "",
            "dns_servers": null,
            "edge_zone": "",
            "id": "/subscriptions/96b5adf1-55d9-4411-ae2a-adfaccecf80e/resourceGroups/rg-haproxy-dns-poc/providers/Microsoft.Network/networkInterfaces/nic-backend",
            "internal_dns_name_label": "",
            "internal_domain_name_suffix": "czxlegy3faxedktmx10bfvjapf.cx.internal.cloudapp.net",
            "ip_configuration": [
              {
                "gateway_load_balancer_frontend_ip_configuration_id": "",
                "name": "primary",
                "primary": true,
                "private_ip_address": "10.50.1.20",
                "private_ip_address_allocation": "Static",
                "private_ip_address_version": "IPv4",
                "public_ip_address_id": "",
                "subnet_id": "/subscriptions/96b5adf1-55d9-4411-ae2a-adfaccecf80e/resourceGroups/rg-haproxy-dns-poc/providers/Microsoft.Network/virtualNetworks/vnet-haproxy-dns-poc/subnets/snet-poc"
              },
              {
                "gateway_load_balancer_frontend_ip_configuration_id": "",
                "name": "secondary",
                "primary": false,
                "private_ip_address": "10.50.1.21",
                "private_ip_address_allocation": "Static",
                "private_ip_address_version": "IPv4",
                "public_ip_address_id": "",
                "subnet_id": "/subscriptions/96b5adf1-55d9-4411-ae2a-adfaccecf80e/resourceGroups/rg-haproxy-dns-poc/providers/Microsoft.Network/virtualNetworks/vnet-haproxy-dns-poc/subnets/snet-poc"
              }
            ],
            "ip_forwarding_enabled": false,
            "location": "eastus2",
            "mac_address": "",
            "name": "nic-backend",
            "private_ip_address": "10.50.1.20",
            "private_ip_addresses": [
              "10.50.1.20",
              "10.50.1.21"
            ],
            "resource_group_name": "rg-haproxy-dns-poc",
            "tags": null,
            "timeouts": null,
            "virtual_machine_id": ""
          },
          "sensitive_attributes": [],
          "identity_schema_version": 0,
          "identity": {
            "name": "nic-backend",
            "resource_group_name": "rg-haproxy-dns-poc",
            "subscription_id": "96b5adf1-55d9-4411-ae2a-adfaccecf80e"
          },
          "private": "eyJlMmJmYjczMC1lY2FhLTExZTYtOGY4OC0zNDM2M2JjN2M0YzAiOnsiY3JlYXRlIjoxODAwMDAwMDAwMDAwLCJkZWxldGUiOjE4MDAwMDAwMDAwMDAsInJlYWQiOjMwMDAwMDAwMDAwMCwidXBkYXRlIjoxODAwMDAwMDAwMDAwfX0=",
          "dependencies": [
            "azurerm_resource_group.poc",
            "azurerm_subnet.poc",
            "azurerm_virtual_network.poc"
          ]
        }
      ]
    },
    {
      "mode": "managed",
      "type": "azurerm_network_interface",
      "name": "haproxy",
      "provider": "provider[\"registry.terraform.io/hashicorp/azurerm\"]",
      "instances": [
        {
          "schema_version": 0,
          "attributes": {
            "accelerated_networking_enabled": false,
            "applied_dns_servers": [],
            "auxiliary_mode": "",
            "auxiliary_sku": "",
            "dns_servers": null,
            "edge_zone": "",
            "id": "/subscriptions/96b5adf1-55d9-4411-ae2a-adfaccecf80e/resourceGroups/rg-haproxy-dns-poc/providers/Microsoft.Network/networkInterfaces/nic-haproxy",
            "internal_dns_name_label": "",
            "internal_domain_name_suffix": "czxlegy3faxedktmx10bfvjapf.cx.internal.cloudapp.net",
            "ip_configuration": [
              {
                "gateway_load_balancer_frontend_ip_configuration_id": "",
                "name": "primary",
                "primary": true,
                "private_ip_address": "10.50.1.10",
                "private_ip_address_allocation": "Static",
                "private_ip_address_version": "IPv4",
                "public_ip_address_id": "/subscriptions/96b5adf1-55d9-4411-ae2a-adfaccecf80e/resourceGroups/rg-haproxy-dns-poc/providers/Microsoft.Network/publicIPAddresses/pip-haproxy",
                "subnet_id": "/subscriptions/96b5adf1-55d9-4411-ae2a-adfaccecf80e/resourceGroups/rg-haproxy-dns-poc/providers/Microsoft.Network/virtualNetworks/vnet-haproxy-dns-poc/subnets/snet-poc"
              }
            ],
            "ip_forwarding_enabled": false,
            "location": "eastus2",
            "mac_address": "",
            "name": "nic-haproxy",
            "private_ip_address": "10.50.1.10",
            "private_ip_addresses": [
              "10.50.1.10"
            ],
            "resource_group_name": "rg-haproxy-dns-poc",
            "tags": null,
            "timeouts": null,
            "virtual_machine_id": ""
          },
          "sensitive_attributes": [],
          "identity_schema_version": 0,
          "identity": {
            "name": "nic-haproxy",
            "resource_group_name": "rg-haproxy-dns-poc",
            "subscription_id": "96b5adf1-55d9-4411-ae2a-adfaccecf80e"
          },
          "private": "eyJlMmJmYjczMC1lY2FhLTExZTYtOGY4OC0zNDM2M2JjN2M0YzAiOnsiY3JlYXRlIjoxODAwMDAwMDAwMDAwLCJkZWxldGUiOjE4MDAwMDAwMDAwMDAsInJlYWQiOjMwMDAwMDAwMDAwMCwidXBkYXRlIjoxODAwMDAwMDAwMDAwfX0=",
          "dependencies": [
            "azurerm_public_ip.haproxy",
            "azurerm_resource_group.poc",
            "azurerm_subnet.poc",
            "azurerm_virtual_network.poc"
          ]
        }
      ]
    },
    {
      "mode": "managed",
      "type": "azurerm_network_interface_security_group_association",
      "name": "haproxy",
      "provider": "provider[\"registry.terraform.io/hashicorp/azurerm\"]",
      "instances": [
        {
          "schema_version": 0,
          "attributes": {
            "id": "/subscriptions/96b5adf1-55d9-4411-ae2a-adfaccecf80e/resourceGroups/rg-haproxy-dns-poc/providers/Microsoft.Network/networkInterfaces/nic-haproxy|/subscriptions/96b5adf1-55d9-4411-ae2a-adfaccecf80e/resourceGroups/rg-haproxy-dns-poc/providers/Microsoft.Network/networkSecurityGroups/nsg-haproxy",
            "network_interface_id": "/subscriptions/96b5adf1-55d9-4411-ae2a-adfaccecf80e/resourceGroups/rg-haproxy-dns-poc/providers/Microsoft.Network/networkInterfaces/nic-haproxy",
            "network_security_group_id": "/subscriptions/96b5adf1-55d9-4411-ae2a-adfaccecf80e/resourceGroups/rg-haproxy-dns-poc/providers/Microsoft.Network/networkSecurityGroups/nsg-haproxy",
            "timeouts": null
          },
          "sensitive_attributes": [],
          "identity_schema_version": 0,
          "private": "eyJlMmJmYjczMC1lY2FhLTExZTYtOGY4OC0zNDM2M2JjN2M0YzAiOnsiY3JlYXRlIjoxODAwMDAwMDAwMDAwLCJkZWxldGUiOjE4MDAwMDAwMDAwMDAsInJlYWQiOjMwMDAwMDAwMDAwMH19",
          "dependencies": [
            "azurerm_network_interface.haproxy",
            "azurerm_network_security_group.haproxy",
            "azurerm_public_ip.haproxy",
            "azurerm_resource_group.poc",
            "azurerm_subnet.poc",
            "azurerm_virtual_network.poc"
          ]
        }
      ]
    },
    {
      "mode": "managed",
      "type": "azurerm_network_security_group",
      "name": "haproxy",
      "provider": "provider[\"registry.terraform.io/hashicorp/azurerm\"]",
      "instances": [
        {
          "schema_version": 0,
          "attributes": {
            "id": "/subscriptions/96b5adf1-55d9-4411-ae2a-adfaccecf80e/resourceGroups/rg-haproxy-dns-poc/providers/Microsoft.Network/networkSecurityGroups/nsg-haproxy",
            "location": "eastus2",
            "name": "nsg-haproxy",
            "resource_group_name": "rg-haproxy-dns-poc",
            "security_rule": [
              {
                "access": "Allow",
                "description": "",
                "destination_address_prefix": "*",
                "destination_address_prefixes": [],
                "destination_application_security_group_ids": [],
                "destination_port_range": "1520",
                "destination_port_ranges": [],
                "direction": "Inbound",
                "name": "Allow-HAProxy-Demo",
                "priority": 110,
                "protocol": "Tcp",
                "source_address_prefix": "*",
                "source_address_prefixes": [],
                "source_application_security_group_ids": [],
                "source_port_range": "*",
                "source_port_ranges": []
              },
              {
                "access": "Allow",
                "description": "",
                "destination_address_prefix": "*",
                "destination_address_prefixes": [],
                "destination_application_security_group_ids": [],
                "destination_port_range": "22",
                "destination_port_ranges": [],
                "direction": "Inbound",
                "name": "Allow-SSH",
                "priority": 100,
                "protocol": "Tcp",
                "source_address_prefix": "*",
                "source_address_prefixes": [],
                "source_application_security_group_ids": [],
                "source_port_range": "*",
                "source_port_ranges": []
              }
            ],
            "tags": null,
            "timeouts": null
          },
          "sensitive_attributes": [],
          "identity_schema_version": 0,
          "identity": {
            "name": "nsg-haproxy",
            "resource_group_name": "rg-haproxy-dns-poc",
            "subscription_id": "96b5adf1-55d9-4411-ae2a-adfaccecf80e"
          },
          "private": "eyJlMmJmYjczMC1lY2FhLTExZTYtOGY4OC0zNDM2M2JjN2M0YzAiOnsiY3JlYXRlIjoxODAwMDAwMDAwMDAwLCJkZWxldGUiOjE4MDAwMDAwMDAwMDAsInJlYWQiOjMwMDAwMDAwMDAwMCwidXBkYXRlIjoxODAwMDAwMDAwMDAwfX0=",
          "dependencies": [
            "azurerm_resource_group.poc"
          ]
        }
      ]
    },
    {
      "mode": "managed",
      "type": "azurerm_private_dns_a_record",
      "name": "syntax",
      "provider": "provider[\"registry.terraform.io/hashicorp/azurerm\"]",
      "instances": [
        {
          "schema_version": 0,
          "attributes": {
            "fqdn": "syntax.demo.internal.",
            "id": "/subscriptions/96b5adf1-55d9-4411-ae2a-adfaccecf80e/resourceGroups/rg-haproxy-dns-poc/providers/Microsoft.Network/privateDnsZones/demo.internal/A/syntax",
            "name": "syntax",
            "records": [
              "10.50.1.20"
            ],
            "resource_group_name": "rg-haproxy-dns-poc",
            "tags": null,
            "timeouts": null,
            "ttl": 5,
            "zone_name": "demo.internal"
          },
          "sensitive_attributes": [],
          "identity_schema_version": 0,
          "identity": {
            "name": "syntax",
            "private_dns_zone_name": "demo.internal",
            "record_type": "A",
            "resource_group_name": "rg-haproxy-dns-poc",
            "subscription_id": "96b5adf1-55d9-4411-ae2a-adfaccecf80e"
          },
          "private": "eyJlMmJmYjczMC1lY2FhLTExZTYtOGY4OC0zNDM2M2JjN2M0YzAiOnsiY3JlYXRlIjoxODAwMDAwMDAwMDAwLCJkZWxldGUiOjE4MDAwMDAwMDAwMDAsInJlYWQiOjMwMDAwMDAwMDAwMCwidXBkYXRlIjoxODAwMDAwMDAwMDAwfX0=",
          "dependencies": [
            "azurerm_private_dns_zone.demo",
            "azurerm_resource_group.poc"
          ]
        }
      ]
    },
    {
      "mode": "managed",
      "type": "azurerm_private_dns_zone",
      "name": "demo",
      "provider": "provider[\"registry.terraform.io/hashicorp/azurerm\"]",
      "instances": [
        {
          "schema_version": 0,
          "attributes": {
            "id": "/subscriptions/96b5adf1-55d9-4411-ae2a-adfaccecf80e/resourceGroups/rg-haproxy-dns-poc/providers/Microsoft.Network/privateDnsZones/demo.internal",
            "max_number_of_record_sets": 25000,
            "max_number_of_virtual_network_links": 1000,
            "max_number_of_virtual_network_links_with_registration": 100,
            "name": "demo.internal",
            "number_of_record_sets": 1,
            "resource_group_name": "rg-haproxy-dns-poc",
            "soa_record": [
              {
                "email": "azureprivatedns-host.microsoft.com",
                "expire_time": 2419200,
                "fqdn": "demo.internal.",
                "host_name": "azureprivatedns.net",
                "minimum_ttl": 10,
                "refresh_time": 3600,
                "retry_time": 300,
                "serial_number": 1,
                "tags": {},
                "ttl": 3600
              }
            ],
            "tags": null,
            "timeouts": null
          },
          "sensitive_attributes": [],
          "identity_schema_version": 0,
          "identity": {
            "name": "demo.internal",
            "resource_group_name": "rg-haproxy-dns-poc",
            "subscription_id": "96b5adf1-55d9-4411-ae2a-adfaccecf80e"
          },
          "private": "eyJlMmJmYjczMC1lY2FhLTExZTYtOGY4OC0zNDM2M2JjN2M0YzAiOnsiY3JlYXRlIjoxODAwMDAwMDAwMDAwLCJkZWxldGUiOjE4MDAwMDAwMDAwMDAsInJlYWQiOjMwMDAwMDAwMDAwMCwidXBkYXRlIjoxODAwMDAwMDAwMDAwfX0=",
          "dependencies": [
            "azurerm_resource_group.poc"
          ]
        }
      ]
    },
    {
      "mode": "managed",
      "type": "azurerm_private_dns_zone_virtual_network_link",
      "name": "demo",
      "provider": "provider[\"registry.terraform.io/hashicorp/azurerm\"]",
      "instances": [
        {
          "schema_version": 0,
          "attributes": {
            "id": "/subscriptions/96b5adf1-55d9-4411-ae2a-adfaccecf80e/resourceGroups/rg-haproxy-dns-poc/providers/Microsoft.Network/privateDnsZones/demo.internal/virtualNetworkLinks/demo-internal-link",
            "name": "demo-internal-link",
            "private_dns_zone_name": "demo.internal",
            "registration_enabled": false,
            "resolution_policy": "",
            "resource_group_name": "rg-haproxy-dns-poc",
            "tags": null,
            "timeouts": null,
            "virtual_network_id": "/subscriptions/96b5adf1-55d9-4411-ae2a-adfaccecf80e/resourceGroups/rg-haproxy-dns-poc/providers/Microsoft.Network/virtualNetworks/vnet-haproxy-dns-poc"
          },
          "sensitive_attributes": [],
          "identity_schema_version": 0,
          "identity": {
            "name": "demo-internal-link",
            "private_dns_zone_name": "demo.internal",
            "resource_group_name": "rg-haproxy-dns-poc",
            "subscription_id": "96b5adf1-55d9-4411-ae2a-adfaccecf80e"
          },
          "private": "eyJlMmJmYjczMC1lY2FhLTExZTYtOGY4OC0zNDM2M2JjN2M0YzAiOnsiY3JlYXRlIjoxODAwMDAwMDAwMDAwLCJkZWxldGUiOjE4MDAwMDAwMDAwMDAsInJlYWQiOjMwMDAwMDAwMDAwMCwidXBkYXRlIjoxODAwMDAwMDAwMDAwfX0=",
          "dependencies": [
            "azurerm_private_dns_zone.demo",
            "azurerm_resource_group.poc",
            "azurerm_virtual_network.poc"
          ]
        }
      ]
    },
    {
      "mode": "managed",
      "type": "azurerm_public_ip",
      "name": "haproxy",
      "provider": "provider[\"registry.terraform.io/hashicorp/azurerm\"]",
      "instances": [
        {
          "schema_version": 0,
          "attributes": {
            "allocation_method": "Static",
            "ddos_protection_mode": "VirtualNetworkInherited",
            "ddos_protection_plan_id": null,
            "domain_name_label": "",
            "domain_name_label_scope": "",
            "edge_zone": "",
            "fqdn": "",
            "id": "/subscriptions/96b5adf1-55d9-4411-ae2a-adfaccecf80e/resourceGroups/rg-haproxy-dns-poc/providers/Microsoft.Network/publicIPAddresses/pip-haproxy",
            "idle_timeout_in_minutes": 4,
            "ip_address": "20.110.214.249",
            "ip_tags": null,
            "ip_version": "IPv4",
            "location": "eastus2",
            "name": "pip-haproxy",
            "public_ip_prefix_id": null,
            "resource_group_name": "rg-haproxy-dns-poc",
            "reverse_fqdn": "",
            "sku": "Standard",
            "sku_tier": "Regional",
            "tags": null,
            "timeouts": null,
            "zones": null
          },
          "sensitive_attributes": [],
          "identity_schema_version": 0,
          "identity": {
            "name": "pip-haproxy",
            "resource_group_name": "rg-haproxy-dns-poc",
            "subscription_id": "96b5adf1-55d9-4411-ae2a-adfaccecf80e"
          },
          "private": "eyJlMmJmYjczMC1lY2FhLTExZTYtOGY4OC0zNDM2M2JjN2M0YzAiOnsiY3JlYXRlIjoxODAwMDAwMDAwMDAwLCJkZWxldGUiOjE4MDAwMDAwMDAwMDAsInJlYWQiOjMwMDAwMDAwMDAwMCwidXBkYXRlIjoxODAwMDAwMDAwMDAwfX0=",
          "dependencies": [
            "azurerm_resource_group.poc"
          ]
        }
      ]
    },
    {
      "mode": "managed",
      "type": "azurerm_resource_group",
      "name": "poc",
      "provider": "provider[\"registry.terraform.io/hashicorp/azurerm\"]",
      "instances": [
        {
          "schema_version": 0,
          "attributes": {
            "id": "/subscriptions/96b5adf1-55d9-4411-ae2a-adfaccecf80e/resourceGroups/rg-haproxy-dns-poc",
            "location": "eastus2",
            "managed_by": "",
            "name": "rg-haproxy-dns-poc",
            "tags": null,
            "timeouts": null
          },
          "sensitive_attributes": [],
          "identity_schema_version": 0,
          "identity": {
            "name": "rg-haproxy-dns-poc",
            "subscription_id": "96b5adf1-55d9-4411-ae2a-adfaccecf80e"
          },
          "private": "eyJlMmJmYjczMC1lY2FhLTExZTYtOGY4OC0zNDM2M2JjN2M0YzAiOnsiY3JlYXRlIjo1NDAwMDAwMDAwMDAwLCJkZWxldGUiOjU0MDAwMDAwMDAwMDAsInJlYWQiOjMwMDAwMDAwMDAwMCwidXBkYXRlIjo1NDAwMDAwMDAwMDAwfX0="
        }
      ]
    },
    {
      "mode": "managed",
      "type": "azurerm_subnet",
      "name": "poc",
      "provider": "provider[\"registry.terraform.io/hashicorp/azurerm\"]",
      "instances": [
        {
          "schema_version": 0,
          "attributes": {
            "address_prefixes": [
              "10.50.1.0/24"
            ],
            "default_outbound_access_enabled": true,
            "delegation": [],
            "id": "/subscriptions/96b5adf1-55d9-4411-ae2a-adfaccecf80e/resourceGroups/rg-haproxy-dns-poc/providers/Microsoft.Network/virtualNetworks/vnet-haproxy-dns-poc/subnets/snet-poc",
            "ip_address_pool": [],
            "name": "snet-poc",
            "private_endpoint_network_policies": "Disabled",
            "private_link_service_network_policies_enabled": true,
            "resource_group_name": "rg-haproxy-dns-poc",
            "service_endpoint_policy_ids": null,
            "service_endpoints": null,
            "sharing_scope": "",
            "timeouts": null,
            "virtual_network_name": "vnet-haproxy-dns-poc"
          },
          "sensitive_attributes": [],
          "identity_schema_version": 0,
          "identity": {
            "name": "snet-poc",
            "resource_group_name": "rg-haproxy-dns-poc",
            "subscription_id": "96b5adf1-55d9-4411-ae2a-adfaccecf80e",
            "virtual_network_name": "vnet-haproxy-dns-poc"
          },
          "private": "eyJlMmJmYjczMC1lY2FhLTExZTYtOGY4OC0zNDM2M2JjN2M0YzAiOnsiY3JlYXRlIjoxODAwMDAwMDAwMDAwLCJkZWxldGUiOjE4MDAwMDAwMDAwMDAsInJlYWQiOjMwMDAwMDAwMDAwMCwidXBkYXRlIjoxODAwMDAwMDAwMDAwfX0=",
          "dependencies": [
            "azurerm_resource_group.poc",
            "azurerm_virtual_network.poc"
          ]
        }
      ]
    },
    {
      "mode": "managed",
      "type": "azurerm_virtual_network",
      "name": "poc",
      "provider": "provider[\"registry.terraform.io/hashicorp/azurerm\"]",
      "instances": [
        {
          "schema_version": 0,
          "attributes": {
            "address_space": [
              "10.50.0.0/16"
            ],
            "bgp_community": "",
            "ddos_protection_plan": [],
            "dns_servers": [],
            "edge_zone": "",
            "encryption": [],
            "flow_timeout_in_minutes": 0,
            "guid": "1bb26e16-281d-412e-aa6c-bef412d5207d",
            "id": "/subscriptions/96b5adf1-55d9-4411-ae2a-adfaccecf80e/resourceGroups/rg-haproxy-dns-poc/providers/Microsoft.Network/virtualNetworks/vnet-haproxy-dns-poc",
            "ip_address_pool": [],
            "location": "eastus2",
            "name": "vnet-haproxy-dns-poc",
            "private_endpoint_vnet_policies": "Disabled",
            "resource_group_name": "rg-haproxy-dns-poc",
            "subnet": [],
            "tags": null,
            "timeouts": null
          },
          "sensitive_attributes": [],
          "identity_schema_version": 0,
          "identity": {
            "name": "vnet-haproxy-dns-poc",
            "resource_group_name": "rg-haproxy-dns-poc",
            "subscription_id": "96b5adf1-55d9-4411-ae2a-adfaccecf80e"
          },
          "private": "eyJlMmJmYjczMC1lY2FhLTExZTYtOGY4OC0zNDM2M2JjN2M0YzAiOnsiY3JlYXRlIjoxODAwMDAwMDAwMDAwLCJkZWxldGUiOjE4MDAwMDAwMDAwMDAsInJlYWQiOjMwMDAwMDAwMDAwMCwidXBkYXRlIjoxODAwMDAwMDAwMDAwfX0=",
          "dependencies": [
            "azurerm_resource_group.poc"
          ]
        }
      ]
    }
  ],
  "check_results": null
}
